
Microsoft Visual Studio Solution File, Format Version 12.00
# Visual Studio 15
VisualStudioVersion = 15.0.28307.779
MinimumVisualStudioVersion = 10.0.40219.1
Project("{D954291E-2A0B-460D-934E-DC6B0785DB48}") = "Fall", "Fall\Fall.shproj", "{A0CDBD0E-3A41-42B7-9425-A838BC2C7383}"
EndProject
Project("{FAE04EC0-301F-11D3-BF4B-00C04F79EFBC}") = "DownwellClone", "D:\KennisOpdrachtYCN\KennisOpdracht\DownwellClone\DownwellClone\DownwellClone.csproj", "{F85EB6C6-D5FC-4FFC-97C4-58FF13DC3C5F}"
EndProject
Global
	GlobalSection(SharedMSBuildProjectFiles) = preSolution
		Fall\Fall.projitems*{a0cdbd0e-3a41-42b7-9425-a838bc2c7383}*SharedItemsImports = 13
		Fall\Fall.projitems*{f85eb6c6-d5fc-4ffc-97c4-58ff13dc3c5f}*SharedItemsImports = 4
	EndGlobalSection
	GlobalSection(SolutionConfigurationPlatforms) = preSolution
		Debug|Any CPU = Debug|Any CPU
		Release|Any CPU = Release|Any CPU
	EndGlobalSection
	GlobalSection(ProjectConfigurationPlatforms) = postSolution
		{F85EB6C6-D5FC-4FFC-97C4-58FF13DC3C5F}.Debug|Any CPU.ActiveCfg = Debug|Any CPU
		{F85EB6C6-D5FC-4FFC-97C4-58FF13DC3C5F}.Debug|Any CPU.Build.0 = Debug|Any CPU
		{F85EB6C6-D5FC-4FFC-97C4-58FF13DC3C5F}.Release|Any CPU.ActiveCfg = Release|Any CPU
		{F85EB6C6-D5FC-4FFC-97C4-58FF13DC3C5F}.Release|Any CPU.Build.0 = Release|Any CPU
	EndGlobalSection
	GlobalSection(SolutionProperties) = preSolution
		HideSolutionNode = FALSE
	EndGlobalSection
	GlobalSection(ExtensibilityGlobals) = postSolution
		SolutionGuid = {906486A2-F081-42B5-9FE7-A66BCB78B1A3}
	EndGlobalSection
EndGlobal
